
Microsoft Visual Studio Solution File, Format Version 12.00
# Visual Studio 2013
VisualStudioVersion = 12.0.30723.0
MinimumVisualStudioVersion = 10.0.40219.1
Project("{FAE04EC0-301F-11D3-BF4B-00C04F79EFBC}") = "SignalRAPI.Web", "SignalRAPI.Web\SignalRAPI.Web.csproj", "{48140281-CC2E-4237-BFA5-E32AFEEBA95C}"
EndProject
Project("{FAE04EC0-301F-11D3-BF4B-00C04F79EFBC}") = "SignalRAPI.Domain", "SignalRAPI.Domain\SignalRAPI.Domain.csproj", "{5CCF1514-9891-4148-A78B-450B5185A1BF}"
EndProject
Project("{FAE04EC0-301F-11D3-BF4B-00C04F79EFBC}") = "SignalRAPI.Data", "SignalRAPI.Data\SignalRAPI.Data.csproj", "{346535C5-5958-40DF-AE4F-8DB89E91D45B}"
EndProject
Project("{FAE04EC0-301F-11D3-BF4B-00C04F79EFBC}") = "SignalRAPI.AppServices", "SignalRAPI.AppServices\SignalRAPI.AppServices.csproj", "{E708462B-4999-432B-BA0B-537A09B4727E}"
EndProject
Project("{FAE04EC0-301F-11D3-BF4B-00C04F79EFBC}") = "SignalRAPI.Data.Seedwork", "SignalRAPI.Data.Seedwork\SignalRAPI.Data.Seedwork.csproj", "{696A9B21-1F38-4E98-85C5-12E21244EE8A}"
EndProject
Project("{FAE04EC0-301F-11D3-BF4B-00C04F79EFBC}") = "SignalR.Resources", "SignalR.Resources\SignalR.Resources.csproj", "{F287E33C-9C55-4021-BCF1-AEE22803B846}"
EndProject
Project("{2150E333-8FDC-42A3-9474-1A3956D46DE8}") = "4.- Capa de dominio", "4.- Capa de dominio", "{7AAC9E89-D1BE-41DA-985F-D4EE7F9BA505}"
EndProject
Project("{2150E333-8FDC-42A3-9474-1A3956D46DE8}") = "3.- Capa de datos", "3.- Capa de datos", "{E1A06B9D-0F2F-4C52-A667-4FE11546F39B}"
EndProject
Project("{2150E333-8FDC-42A3-9474-1A3956D46DE8}") = "2.- Capa de servicios de aplicacion", "2.- Capa de servicios de aplicacion", "{F1C2F693-40EE-47EA-8C51-A1F02A61B64F}"
EndProject
Project("{2150E333-8FDC-42A3-9474-1A3956D46DE8}") = "1.- API", "1.- API", "{5231EC82-5AB1-4195-8111-D20FA528690B}"
EndProject
Global
	GlobalSection(SolutionConfigurationPlatforms) = preSolution
		Debug|Any CPU = Debug|Any CPU
		Release|Any CPU = Release|Any CPU
	EndGlobalSection
	GlobalSection(ProjectConfigurationPlatforms) = postSolution
		{48140281-CC2E-4237-BFA5-E32AFEEBA95C}.Debug|Any CPU.ActiveCfg = Debug|Any CPU
		{48140281-CC2E-4237-BFA5-E32AFEEBA95C}.Debug|Any CPU.Build.0 = Debug|Any CPU
		{48140281-CC2E-4237-BFA5-E32AFEEBA95C}.Release|Any CPU.ActiveCfg = Release|Any CPU
		{48140281-CC2E-4237-BFA5-E32AFEEBA95C}.Release|Any CPU.Build.0 = Release|Any CPU
		{5CCF1514-9891-4148-A78B-450B5185A1BF}.Debug|Any CPU.ActiveCfg = Debug|Any CPU
		{5CCF1514-9891-4148-A78B-450B5185A1BF}.Debug|Any CPU.Build.0 = Debug|Any CPU
		{5CCF1514-9891-4148-A78B-450B5185A1BF}.Release|Any CPU.ActiveCfg = Release|Any CPU
		{5CCF1514-9891-4148-A78B-450B5185A1BF}.Release|Any CPU.Build.0 = Release|Any CPU
		{346535C5-5958-40DF-AE4F-8DB89E91D45B}.Debug|Any CPU.ActiveCfg = Debug|Any CPU
		{346535C5-5958-40DF-AE4F-8DB89E91D45B}.Debug|Any CPU.Build.0 = Debug|Any CPU
		{346535C5-5958-40DF-AE4F-8DB89E91D45B}.Release|Any CPU.ActiveCfg = Release|Any CPU
		{346535C5-5958-40DF-AE4F-8DB89E91D45B}.Release|Any CPU.Build.0 = Release|Any CPU
		{E708462B-4999-432B-BA0B-537A09B4727E}.Debug|Any CPU.ActiveCfg = Debug|Any CPU
		{E708462B-4999-432B-BA0B-537A09B4727E}.Debug|Any CPU.Build.0 = Debug|Any CPU
		{E708462B-4999-432B-BA0B-537A09B4727E}.Release|Any CPU.ActiveCfg = Release|Any CPU
		{E708462B-4999-432B-BA0B-537A09B4727E}.Release|Any CPU.Build.0 = Release|Any CPU
		{696A9B21-1F38-4E98-85C5-12E21244EE8A}.Debug|Any CPU.ActiveCfg = Debug|Any CPU
		{696A9B21-1F38-4E98-85C5-12E21244EE8A}.Debug|Any CPU.Build.0 = Debug|Any CPU
		{696A9B21-1F38-4E98-85C5-12E21244EE8A}.Release|Any CPU.ActiveCfg = Release|Any CPU
		{696A9B21-1F38-4E98-85C5-12E21244EE8A}.Release|Any CPU.Build.0 = Release|Any CPU
		{F287E33C-9C55-4021-BCF1-AEE22803B846}.Debug|Any CPU.ActiveCfg = Debug|Any CPU
		{F287E33C-9C55-4021-BCF1-AEE22803B846}.Debug|Any CPU.Build.0 = Debug|Any CPU
		{F287E33C-9C55-4021-BCF1-AEE22803B846}.Release|Any CPU.ActiveCfg = Release|Any CPU
		{F287E33C-9C55-4021-BCF1-AEE22803B846}.Release|Any CPU.Build.0 = Release|Any CPU
	EndGlobalSection
	GlobalSection(SolutionProperties) = preSolution
		HideSolutionNode = FALSE
	EndGlobalSection
	GlobalSection(NestedProjects) = preSolution
		{48140281-CC2E-4237-BFA5-E32AFEEBA95C} = {5231EC82-5AB1-4195-8111-D20FA528690B}
		{5CCF1514-9891-4148-A78B-450B5185A1BF} = {7AAC9E89-D1BE-41DA-985F-D4EE7F9BA505}
		{346535C5-5958-40DF-AE4F-8DB89E91D45B} = {E1A06B9D-0F2F-4C52-A667-4FE11546F39B}
		{E708462B-4999-432B-BA0B-537A09B4727E} = {F1C2F693-40EE-47EA-8C51-A1F02A61B64F}
		{696A9B21-1F38-4E98-85C5-12E21244EE8A} = {E1A06B9D-0F2F-4C52-A667-4FE11546F39B}
		{F287E33C-9C55-4021-BCF1-AEE22803B846} = {F1C2F693-40EE-47EA-8C51-A1F02A61B64F}
	EndGlobalSection
EndGlobal
